
Microsoft Visual Studio Solution File, Format Version 12.00
# Visual Studio Version 16
VisualStudioVersion = 16.0.29926.136
MinimumVisualStudioVersion = 10.0.40219.1
Project("{9A19103F-16F7-4668-BE54-9A1E7A4F7556}") = "AllDebridNET", "AllDebridNET\AllDebridNET.csproj", "{E2CCDBA7-26FD-4175-B639-EB29EF13E9D2}"
EndProject
Project("{9A19103F-16F7-4668-BE54-9A1E7A4F7556}") = "RDNET.Test", "AllDebridNET.Test\RDNET.Test.csproj", "{B6A0F4E5-B383-4C17-B834-26A24D6B0746}"
EndProject
Global
	GlobalSection(SolutionConfigurationPlatforms) = preSolution
		Debug|Any CPU = Debug|Any CPU
		Release|Any CPU = Release|Any CPU
	EndGlobalSection
	GlobalSection(ProjectConfigurationPlatforms) = postSolution
		{E2CCDBA7-26FD-4175-B639-EB29EF13E9D2}.Debug|Any CPU.ActiveCfg = Debug|Any CPU
		{E2CCDBA7-26FD-4175-B639-EB29EF13E9D2}.Debug|Any CPU.Build.0 = Debug|Any CPU
		{E2CCDBA7-26FD-4175-B639-EB29EF13E9D2}.Release|Any CPU.ActiveCfg = Release|Any CPU
		{E2CCDBA7-26FD-4175-B639-EB29EF13E9D2}.Release|Any CPU.Build.0 = Release|Any CPU
		{B6A0F4E5-B383-4C17-B834-26A24D6B0746}.Debug|Any CPU.ActiveCfg = Debug|Any CPU
		{B6A0F4E5-B383-4C17-B834-26A24D6B0746}.Debug|Any CPU.Build.0 = Debug|Any CPU
		{B6A0F4E5-B383-4C17-B834-26A24D6B0746}.Release|Any CPU.ActiveCfg = Release|Any CPU
		{B6A0F4E5-B383-4C17-B834-26A24D6B0746}.Release|Any CPU.Build.0 = Release|Any CPU
	EndGlobalSection
	GlobalSection(SolutionProperties) = preSolution
		HideSolutionNode = FALSE
	EndGlobalSection
	GlobalSection(ExtensibilityGlobals) = postSolution
		SolutionGuid = {13497924-8D4F-452D-8519-9D68B8C82717}
	EndGlobalSection
EndGlobal
